{
  "version": 4,
  "terraform_version": "0.12.2",
  "serial": 3,
  "lineage": "a47164c7-ec24-265f-46b1-267d30ec19e3",
  "outputs": {},
  "resources": [
    {
      "mode": "managed",
      "type": "azurerm_container_registry",
      "name": "acr",
      "provider": "provider.azurerm",
      "instances": [
        {
          "schema_version": 2,
          "attributes": {
            "admin_enabled": false,
            "admin_password": "",
            "admin_username": "",
            "georeplication_locations": [
              "East US",
              "West Europe"
            ],
            "id": "/subscriptions/cfac6a63-b3f3-4682-bd35-b3b5d9424b2d/resourceGroups/aks/providers/Microsoft.ContainerRegistry/registries/aksk8s",
            "location": "westeurope",
            "login_server": "aksk8s.azurecr.io",
            "name": "aksk8s",
            "network_rule_set": [
              {
                "default_action": "Allow",
                "ip_rule": [],
                "virtual_network": []
              }
            ],
            "resource_group_name": "aks",
            "sku": "Premium",
            "storage_account_id": null,
            "tags": null,
            "timeouts": null
          },
          "private": "eyJlMmJmYjczMC1lY2FhLTExZTYtOGY4OC0zNDM2M2JjN2M0YzAiOnsiY3JlYXRlIjoxODAwMDAwMDAwMDAwLCJkZWxldGUiOjE4MDAwMDAwMDAwMDAsInJlYWQiOjMwMDAwMDAwMDAwMCwidXBkYXRlIjoxODAwMDAwMDAwMDAwfSwic2NoZW1hX3ZlcnNpb24iOiIyIn0="
        }
      ]
    }
  ]
}
